
Microsoft Visual Studio Solution File, Format Version 12.00
# Visual Studio Version 17
VisualStudioVersion = 17.8.34511.84
MinimumVisualStudioVersion = 10.0.40219.1
Project("{FAE04EC0-301F-11D3-BF4B-00C04F79EFBC}") = "EVENT", "EVENT\EVENT.csproj", "{A22B45FF-D01D-4194-9877-35A94EF11BDE}"
EndProject
Global
	GlobalSection(SolutionConfigurationPlatforms) = preSolution
		Debug|Any CPU = Debug|Any CPU
		Release|Any CPU = Release|Any CPU
	EndGlobalSection
	GlobalSection(ProjectConfigurationPlatforms) = postSolution
		{A22B45FF-D01D-4194-9877-35A94EF11BDE}.Debug|Any CPU.ActiveCfg = Debug|Any CPU
		{A22B45FF-D01D-4194-9877-35A94EF11BDE}.Debug|Any CPU.Build.0 = Debug|Any CPU
		{A22B45FF-D01D-4194-9877-35A94EF11BDE}.Release|Any CPU.ActiveCfg = Release|Any CPU
		{A22B45FF-D01D-4194-9877-35A94EF11BDE}.Release|Any CPU.Build.0 = Release|Any CPU
	EndGlobalSection
	GlobalSection(SolutionProperties) = preSolution
		HideSolutionNode = FALSE
	EndGlobalSection
	GlobalSection(ExtensibilityGlobals) = postSolution
		SolutionGuid = {EE99B8AF-5269-44C7-9F55-159506FD569D}
	EndGlobalSection
EndGlobal
